
Microsoft Visual Studio Solution File, Format Version 12.00
# Visual Studio 15
VisualStudioVersion = 15.0.28307.271
MinimumVisualStudioVersion = 10.0.40219.1
Project("{FAE04EC0-301F-11D3-BF4B-00C04F79EFBC}") = "EventQuery", "EventQuery\EventQuery.csproj", "{1E2A533C-DD5D-4670-B236-5AC87EA66E54}"
EndProject
Global
	GlobalSection(SolutionConfigurationPlatforms) = preSolution
		Debug|Any CPU = Debug|Any CPU
		Release|Any CPU = Release|Any CPU
	EndGlobalSection
	GlobalSection(ProjectConfigurationPlatforms) = postSolution
		{1E2A533C-DD5D-4670-B236-5AC87EA66E54}.Debug|Any CPU.ActiveCfg = Debug|Any CPU
		{1E2A533C-DD5D-4670-B236-5AC87EA66E54}.Debug|Any CPU.Build.0 = Debug|Any CPU
		{1E2A533C-DD5D-4670-B236-5AC87EA66E54}.Release|Any CPU.ActiveCfg = Release|Any CPU
		{1E2A533C-DD5D-4670-B236-5AC87EA66E54}.Release|Any CPU.Build.0 = Release|Any CPU
	EndGlobalSection
	GlobalSection(SolutionProperties) = preSolution
		HideSolutionNode = FALSE
	EndGlobalSection
	GlobalSection(ExtensibilityGlobals) = postSolution
		SolutionGuid = {27B7D9A4-711A-4310-850F-F3A0B3134216}
	EndGlobalSection
EndGlobal
